lockfileVersion: '9.0'

settings:
  autoInstallPeers: true
  excludeLinksFromLockfile: false

importers:

  .:
    dependencies:
      '@bufbuild/protobuf':
        specifier: 2.15.0
        version: 2.15.0
      '@faker-js/faker':
        specifier: 10.6.0
        version: 10.6.0
      '@grpc/grpc-js':
        specifier: 1.14.5
        version: 1.14.5
      tinybench:
        specifier: 6.2.0
        version: 6.2.0
      tslib:
        specifier: 2.8.1
        version: 2.8.1
    devDependencies:
      '@bufbuild/buf':
        specifier: 1.73.0
        version: 1.73.0
      '@bufbuild/protoc-gen-es':
        specifier: 2.15.0
        version: 2.15.0(@bufbuild/protobuf@2.15.0)(supports-color@7.2.0)
      '@types/node':
        specifier: 26.6.2
        version: 26.6.2
      typescript:
        specifier: 7.0.2
        version: 7.0.2

packages:

  '@bufbuild/buf-darwin-arm64@1.73.0':
    resolution: {integrity: sha512-cDd3y376ecClhyytNLlY3AtsZqsqXvEkQjMvrahrv/xUWWhEIX3efD8y0uufXDe8Yuk3sEmj7J1Xlx73Y46SkA==}
    engines: {node: '>=12'}
    cpu: [arm64]
    os: [darwin]

  '@bufbuild/buf-darwin-x64@1.73.0':
    resolution: {integrity: sha512-VTBTCwaqT7otsMGXlk3MRu6x5hp+YH9PaLKcyWAa8wEt0NnMzbXdkE8GiLgI8Qkl7S3+pC9YSTCE/I+O87Fvrw==}
    engines: {node: '>=12'}
    cpu: [x64]
    os: [darwin]

  '@bufbuild/buf-linux-aarch64@1.73.0':
    resolution: {integrity: sha512-HjoQ3wbLiUv5N5XLM3EAR2FY51Yn6t5MEXLPnS/Hx0KDkK/5eyIBZZ6toHBLjczAr1RTA1LagF38+lglZI+kvA==}
    engines: {node: '>=12'}
    cpu: [arm64]
    os: [linux]

  '@bufbuild/buf-linux-armv7@1.73.0':
    resolution: {integrity: sha512-NsZuVg8hXfGcR96Is14ArKxZg6pdJb6kb63bx2g7q8Cjo+gRqZMBFKGvF/fnQMxTrRQAm6hzeF4a2vV4W3lszg==}
    engines: {node: '>=12'}
    cpu: [arm]
    os: [linux]

  '@bufbuild/buf-linux-x64@1.73.0':
    resolution: {integrity: sha512-dMe6lBQrlHTU7DzqzaR7Udky7R78EDzzxtYZQdjkZun9jKdjGR4fLbPWEPyY4rLGVyk6UUnrtkf5qoIK2SC6qw==}
    engines: {node: '>=12'}
    cpu: [x64]
    os: [linux]

  '@bufbuild/buf-win32-arm64@1.73.0':
    resolution: {integrity: sha512-UmubCflc8zJ48bVW0WeGeVTkNuumJP//wCWKUmeTXT1iNlEqkpaXy6y7o8YJKHGWLfX0/1UV3oay9ti0EyojMw==}
    engines: {node: '>=12'}
    cpu: [arm64]
    os: [win32]

  '@bufbuild/buf-win32-x64@1.73.0':
    resolution: {integrity: sha512-/Buo10rXzqNLnFDh3BpzGdcrx6OalcU8o8gUyObCFZA5wKcUvBVNDhhpMmoB6YeiOPpPn47jHgW4bSSlypaaOQ==}
    engines: {node: '>=12'}
    cpu: [x64]
    os: [win32]

  '@bufbuild/buf@1.73.0':
    resolution: {integrity: sha512-W3whb4P1y3Hs9bqwCu9++W1v1ofHZ3dBUCe6JSZq0Ff5OK5UKKZuMN4iunPbgdyXY4+4ujEYf2ESrN/6MbcFSQ==}
    engines: {node: '>=12'}
    hasBin: true

  '@bufbuild/protobuf@2.15.0':
    resolution: {integrity: sha512-DAheWUkVr/SJTWCc+lg9dhY0eN4SaWlf4+bG1KzHeXbnqt0AfB/NX0Z+VunGlM1ki1B4zVvye27MpKh/svySUA==}

  '@bufbuild/protoc-gen-es@2.15.0':
    resolution: {integrity: sha512-FRhNTAZEXW6arWx2JxgtpuazhmewYctXugu5SfXGpXpLLCInDT1005fSKDzEM/70Es2oIn07PM4RvpwvDvR/fg==}
    engines: {node: '>=22'}
    hasBin: true
    peerDependencies:
      '@bufbuild/protobuf': 2.15.0
    peerDependenciesMeta:
      '@bufbuild/protobuf':
        optional: true

  '@bufbuild/protoplugin@2.15.0':
    resolution: {integrity: sha512-vZhRoqB/jTHATqItRvJQf1zbxdrGRRhiusGty4+lKcfEFODG0PMXky2Ezv4WHHS6oSxq+5qShITuE7K1/82SuQ==}

  '@faker-js/faker@10.6.0':
    resolution: {integrity: sha512-3RQHgEtvL1Frl/d1cSreo7qhJ3Gk1OdNUai/CtZ8G+wYeRQnJih3s9xJ9/kgYekPQRdwgh0HXRPqMlzWGwivIQ==}
    engines: {node: ^20.19.0 || ^22.13.0 || ^23.5.0 || >=24.0.0, npm: '>=10'}

  '@grpc/grpc-js@1.14.5':
    resolution: {integrity: sha512-7VZM+SVdEcUUqSQeNI3zM8Qs/BhQKZndPo2h5VkYkAM8Iz0wJIa8mKV5ekQGqG8UUsnkQ0NMxIxwkIHYvj0qOw==}
    engines: {node: '>=12.10.0'}

  '@grpc/proto-loader@0.8.1':
    resolution: {integrity: sha512-wtF6h+DY6M3YaDBPAmvuuA6jV8Sif9MjtOI5euKFWRgCDl5PeDpPsHR9u2l6St5ceY8AZgoNDww5+HvEsXFsGg==}
    engines: {node: '>=6'}
    hasBin: true

  '@js-sdsl/ordered-map@4.4.2':
    resolution: {integrity: sha512-iUKgm52T8HOE/makSxjqoWhe95ZJA1/G1sYsGev2JDKUSS14KAgg1LHb+Ba+IPow0xflbnSkOsZcO08C7w1gYw==}

  '@protobufjs/aspromise@1.1.2':
    resolution: {integrity: sha512-j+gKExEuLmKwvz3OgROXtrJ2UG2x8Ch2YZUxahh+s1F2HZ+wAceUNLkvy6zKCPVRkU++ZWQrdxsUeQXmcg4uoQ==}

  '@protobufjs/base64@1.1.2':
    resolution: {integrity: sha512-AZkcAA5vnN/v4PDqKyMR5lx7hZttPDgClv83E//FMNhR2TMcLUhfRUBHCmSl0oi9zMgDDqRUJkSxO3wm85+XLg==}

  '@protobufjs/codegen@2.0.5':
    resolution: {integrity: sha512-zgXFLzW3Ap33e6d0Wlj4MGIm6Ce8O89n/apUaGNB/jx+hw+ruWEp7EwGUshdLKVRCxZW12fp9r40E1mQrf/34g==}

  '@protobufjs/eventemitter@1.1.1':
    resolution: {integrity: sha512-vW1GmwMZNnL+gMRaovlh9yZX74kc+TTU3FObkkurpMaRtBfLP3ldjS9KQWlwZgraRE0+dheEEoAxdzcJQ8eXZg==}

  '@protobufjs/fetch@1.1.1':
    resolution: {integrity: sha512-GpptLrs57adMSuHi3VNj0mAF8dwh36LMaYF6XyJ6JMWlVsc+t42tm1HSEDmOs3A8fC9yyeisgLhsTVQokOZ0zw==}

  '@protobufjs/float@1.0.2':
    resolution: {integrity: sha512-Ddb+kVXlXst9d+R9PfTIxh1EdNkgoRe5tOX6t01f1lYWOvJnSPDBlG241QLzcyPdoNTsblLUdujGSE4RzrTZGQ==}

  '@protobufjs/path@1.1.2':
    resolution: {integrity: sha512-6JOcJ5Tm08dOHAbdR3GrvP+yUUfkjG5ePsHYczMFLq3ZmMkAD98cDgcT2iA1lJ9NVwFd4tH/iSSoe44YWkltEA==}

  '@protobufjs/pool@1.1.0':
    resolution: {integrity: sha512-0kELaGSIDBKvcgS4zkjz1PeddatrjYcmMWOlAuAPwAeccUrPHdUqo/J6LiymHHEiJT5NrF1UVwxY14f+fy4WQw==}

  '@protobufjs/utf8@1.1.2':
    resolution: {integrity: sha512-b1UQwcEZ4yCnMCD8DAL1VlbvBJE9/IX4FTIp7BG1xYpf29SLazLSrqUkj4w7Y5y7cCVP6E5tcqqcI0xemPkHug==}

  '@types/node@26.2.0':
    resolution: {integrity: sha512-5IviulTZeRNp2vAJ514cc/HUlY5nZ9fCbq9DMyC52BrhFZACo3nI0R7qBxhQmo/d27NFe96ur/b7Wwxklda+kg==}

  '@types/node@26.6.2':
    resolution: {integrity: sha512-X1P21scMv4zGKLYqjdGjaKa7COa0RKVYYZZN/NfvLQ1JegxFhdhpZG/Lyn8AXx6CDUavKAd11v6BvfpkDByK8g==}

  '@typescript/typescript-aix-ppc64@7.0.2':
    resolution: {integrity: sha512-MTKKkWB7p/0E9xi1d1tHtZ5PiLkGEMIq88pK2CubZjOsLtYTLqhgIgi6zepFa+9GHZ6h05NMCkQxGKiPXMxXtQ==}
    engines: {node: '>=16.20.0'}
    cpu: [ppc64]
    os: [aix]

  '@typescript/typescript-darwin-arm64@7.0.2':
    resolution: {integrity: sha512-gowzar9MwS/aRWp6f3a4KUqzRjAZjOsmGNCM6LcTgXum+dBfgsBVMN+AgvOCCbguXyick6LJhpBszxMebJ8syA==}
    engines: {node: '>=16.20.0'}
    cpu: [arm64]
    os: [darwin]

  '@typescript/typescript-darwin-x64@7.0.2':
    resolution: {integrity: sha512-SZ9xZInqApNlNGc9s0W1VSsktYSOe9cFqNOIqmN1Gs8SmkjKZYFt017G4VwPxASInODuAdbTW7sXiFUf893RgA==}
    engines: {node: '>=16.20.0'}
    cpu: [x64]
    os: [darwin]

  '@typescript/typescript-freebsd-arm64@7.0.2':
    resolution: {integrity: sha512-W5NH4y/J0plIIS5b2xvTEkU7JFxyqdMAOgf+Ilhl0vHQXKO5dZoxd+C/jEtq56c4F3wk71RB4BMRQ2XdI+bwYQ==}
    engines: {node: '>=16.20.0'}
    cpu: [arm64]
    os: [freebsd]

  '@typescript/typescript-freebsd-x64@7.0.2':
    resolution: {integrity: sha512-UMGDx5sTpzNw3WiPebH7l90IWfJggEd+egHt/q6p7/Cm3zqoV7VxkGXt+3DxPIw8CcmvAB0j3sVVfbhX+M4Tpw==}
    engines: {node: '>=16.20.0'}
    cpu: [x64]
    os: [freebsd]

  '@typescript/typescript-linux-arm64@7.0.2':
    resolution: {integrity: sha512-Qh4eU4/y3yDjnfjjyPYihMj5/ODIlmt+Bzu17OI+fiSRDW57QmU5SiN63exPRNJPKUzcc1INa1NXdrJ+MqHjUQ==}
    engines: {node: '>=16.20.0'}
    cpu: [arm64]
    os: [linux]

  '@typescript/typescript-linux-arm@7.0.2':
    resolution: {integrity: sha512-gffT3xPz9sR7j/YJExkyPntrI0P2EP9XbOyWzth2/Gs0RstK+90RBcO0ncXoXy/beYll1SXw846Nf2zdnEz0QQ==}
    engines: {node: '>=16.20.0'}
    cpu: [arm]
    os: [linux]

  '@typescript/typescript-linux-loong64@7.0.2':
    resolution: {integrity: sha512-uEHck9i8hoAzXPiYRib1O7miOnz23SxIeVl6F4LXox+qov1K35jHcEW6VHKvZI+pyvl7fZEP4MCU5LYvIq1GuQ==}
    engines: {node: '>=16.20.0'}
    cpu: [loong64]
    os: [linux]

  '@typescript/typescript-linux-mips64el@7.0.2':
    resolution: {integrity: sha512-R4KvAMnE43W5Qeqb0Ly56O3mWMWIAgsMyz36DCaycd5nbg/9kzm0liw3JocfRqyJY0KPmzFjbswozXyW0DnIYA==}
    engines: {node: '>=16.20.0'}
    cpu: [mips64el]
    os: [linux]

  '@typescript/typescript-linux-ppc64@7.0.2':
    resolution: {integrity: sha512-DORx5b3sd/4S7eayxm4FQv+A7CrkUIGRaHiwI8oiHTAI1fAPWhF4J0vAlkC8biAlHSVVwxMQ3tjZ2/DVbnQiiA==}
    engines: {node: '>=16.20.0'}
    cpu: [ppc64]
    os: [linux]

  '@typescript/typescript-linux-riscv64@7.0.2':
    resolution: {integrity: sha512-wf0jqEDOjrPRnKwYRyyJDRo11KMbvMFrU+q4zqKyChODBzvlkbhNQfKvLxQCcwTpdDaXSHZTVuh0JoCrKCUMHQ==}
    engines: {node: '>=16.20.0'}
    cpu: [riscv64]
    os: [linux]

  '@typescript/typescript-linux-s390x@7.0.2':
    resolution: {integrity: sha512-IkwJc3L7yhytWd/ewjyxNDfOmswCm9GWMJT/ue/dU4aZNbwZeYAetq42VyLmsmSjvoX7z74X6ZaYCtzAr0EuGw==}
    engines: {node: '>=16.20.0'}
    cpu: [s390x]
    os: [linux]

  '@typescript/typescript-linux-x64@7.0.2':
    resolution: {integrity: sha512-EYdf2cNg7rgCWJnxCdJ+F3V39O8ihb37eHAu1LK8oAFizgTQbPOK7zHHXbPt8rX24COqODXeI3sIf0fCXG7H/A==}
    engines: {node: '>=16.20.0'}
    cpu: [x64]
    os: [linux]

  '@typescript/typescript-netbsd-arm64@7.0.2':
    resolution: {integrity: sha512-+polYF4MF04aPpO5FTkHran9yUQDSXqy5GiSDKpsll5jy3l3+g9QLhpf39T+ePtefhXLOGrLl0QIjkQP6VnelA==}
    engines: {node: '>=16.20.0'}
    cpu: [arm64]
    os: [netbsd]

  '@typescript/typescript-netbsd-x64@7.0.2':
    resolution: {integrity: sha512-8YIT0EHM/3dq10ZOVF/A7pc/YSMtbcecct4rWtexrnSCHOPcpC2KTLXfTCR6vDpnSiY12heNb1GiN/wu+T/FyA==}
    engines: {node: '>=16.20.0'}
    cpu: [x64]
    os: [netbsd]

  '@typescript/typescript-openbsd-arm64@7.0.2':
    resolution: {integrity: sha512-APT8+ClYnuYm1u9+kgGXoMj2VzWzcymwh2gNSQVySHfkRDGOTVkoWLjCmOQSaO+PoqQ57B0flRp9SA+7GnnkzQ==}
    engines: {node: '>=16.20.0'}
    cpu: [arm64]
    os: [openbsd]

  '@typescript/typescript-openbsd-x64@7.0.2':
    resolution: {integrity: sha512-yX7s+Q0Dln0Dt9tEzZsAjXXR/+ytBM7AlglaqyeMPxQszJ1JhlJdZ6jLA+IzldHtflX81em7lDao1xXu+aRRkg==}
    engines: {node: '>=16.20.0'}
    cpu: [x64]
    os: [openbsd]

  '@typescript/typescript-sunos-x64@7.0.2':
    resolution: {integrity: sha512-dLJDGaLZ1D4HPQn62u1n8mBDkJREwMsAkCdkwd4Ieqw+x3TUyTsqY0YiBCtE6H6OzzgGk3iuZ3vFWRS+E8/d1g==}
    engines: {node: '>=16.20.0'}
    cpu: [x64]
    os: [sunos]

  '@typescript/typescript-win32-arm64@7.0.2':
    resolution: {integrity: sha512-Gyl1Vy6OsWesLzmq+EP0Fb7b4Nid5232AvcA2SFcdYreldpNtYFFofPjnt62y9hQy7VTaZp65ICJjuAQRaVcIQ==}
    engines: {node: '>=16.20.0'}
    cpu: [arm64]
    os: [win32]

  '@typescript/typescript-win32-x64@7.0.2':
    resolution: {integrity: sha512-0BQ3HkAHHlKLSp1qRvf3SUhGpGsDuhB/jgFw75guyqbxJqEaS0Cw/VFO8i2nHglJUzQCRtMMR/IBAKE3ETMC4g==}
    engines: {node: '>=16.20.0'}
    cpu: [x64]
    os: [win32]

  '@typescript/vfs@1.6.4':
    resolution: {integrity: sha512-PJFXFS4ZJKiJ9Qiuix6Dz/OwEIqHD7Dme1UwZhTK11vR+5dqW2ACbdndWQexBzCx+CPuMe5WBYQWCsFyGlQLlQ==}
    peerDependencies:
      typescript: '*'

  ansi-regex@5.0.1:
    resolution: {integrity: sha512-quJQXlTSUGL2LH9SUXo8VwsY4soanhgo6LNSm84E1LBcE8s3O0wpdiRzyR9z/ZZJMlMWv37qOOb9pdJlMUEKFQ==}
    engines: {node: '>=8'}

  ansi-styles@4.3.0:
    resolution: {integrity: sha512-zbB9rCJAT1rbjiVDb2hqKFHNYLxgtk8NURxZ3IZwD3F6NtxbXZQCnnSi1Lkx+IDohdPlFp222wVALIheZJQSEg==}
    engines: {node: '>=8'}

  cliui@8.0.1:
    resolution: {integrity: sha512-BSeNnyus75C4//NQ9gQt1/csTXyo/8Sb+afLAkzAptFuMsod9HFokGNudZpi/oQV73hnVK+sR+5PVRMd+Dr7YQ==}
    engines: {node: '>=12'}

  color-convert@2.0.1:
    resolution: {integrity: sha512-RRECPsj7iu/xb5oKYcsFHSppFNnsj/52OVTRKb4zP5onXwVF3zVmmToNcOfGC+CRDpfK/U584fMg38ZHCaElKQ==}
    engines: {node: '>=7.0.0'}

  color-name@1.1.4:
    resolution: {integrity: sha512-dOy+3AuW3a2wNbZHIuMZpTcgjGuLU/uBL/ubcZF9OXbDo8ff4O8yVp5Bf0efS8uEoYo5q4Fx7dY9OgQGXgAsQA==}

  debug@4.4.3:
    resolution: {integrity: sha512-RGwwWnwQvkVfavKVt22FGLw+xYSdzARwm0ru6DhTVA3umU5hZc28V3kO4stgYryrTlLpuvgI9GiijltAjNbcqA==}
    engines: {node: '>=6.0'}
    peerDependencies:
      supports-color: '*'
    peerDependenciesMeta:
      supports-color:
        optional: true

  emoji-regex@8.0.0:
    resolution: {integrity: sha512-MSjYzcWNOA0ewAHpz0MxpYFvwg6yjy1NG3xteoqz644VCo/RPgnr1/GGt+ic3iJTzQ8Eu3TdM14SawnVUmGE6A==}

  escalade@3.2.0:
    resolution: {integrity: sha512-WUj2qlxaQtO4g6Pq5c29GTcWGDyd8itL8zTlipgECz3JesAiiOKotd8JU6otB3PACgG6xkJUyVhboMS+bje/jA==}
    engines: {node: '>=6'}

  get-caller-file@2.0.5:
    resolution: {integrity: sha512-DyFP3BM/3YHTQOCUL/w0OZHR0lpKeGrxotcHWcqNEdnltqFwXVfhEBQ94eIo34AfQpo0rGki4cyIiftY06h2Fg==}
    engines: {node: 6.* || 8.* || >= 10.*}

  has-flag@4.0.0:
    resolution: {integrity: sha512-EykJT/Q1KjTWctppgIAgfSO0tKVuZUjhgMr17kqTumMl6Afv3EISleU7qZUzoXDFTAHTDC4NOoG/ZxU3EvlMPQ==}
    engines: {node: '>=8'}

  is-fullwidth-code-point@3.0.0:
    resolution: {integrity: sha512-zymm5+u+sCsSWyD9qNaejV3DFvhCKclKdizYaJUuHA83RLjb7nSuGnddCHGv0hk+KY7BMAlsWeK4Ueg6EV6XQg==}
    engines: {node: '>=8'}

  lodash.camelcase@4.3.0:
    resolution: {integrity: sha512-TwuEnCnxbc3rAvhf/LbG7tJUDzhqXyFnv3dtzLOPgCG/hODL7WFnsbwktkD7yUV0RrreP/l1PALq/YSg6VvjlA==}

  long@5.3.2:
    resolution: {integrity: sha512-mNAgZ1GmyNhD7AuqnTG3/VQ26o760+ZYBPKjPvugO8+nLbYfX6TVpJPseBvopbdY+qpZ/lKUnmEc1LeZYS3QAA==}

  ms@2.1.3:
    resolution: {integrity: sha512-6FlzubTLZG3J2a/NVCAleEhjzq5oxgHyaCU9yYXvcLsvoVaHJq/s5xXI6/XXP6tz7R9xAOtHnSO/tXtF3WRTlA==}

  protobufjs@7.6.5:
    resolution: {integrity: sha512-/FPD0nUc9jH6rfFjji9IBqOz4pcSE3CsT1m7Ep6Mdb0LxSUMj8hgl6GomOvZzpNpAqqGaXA0P3VSrZLFzIhQrw==}
    engines: {node: '>=12.0.0'}

  require-directory@2.1.1:
    resolution: {integrity: sha512-fGxEI7+wsG9xrvdjsrlmL22OMTTiHRwAMroiEeMgq8gzoLC/PQr7RsRDSTLUg/bZAZtF+TVIkHc6/4RIKrui+Q==}
    engines: {node: '>=0.10.0'}

  string-width@4.2.3:
    resolution: {integrity: sha512-wKyQRQpjJ0sIp62ErSZdGsjMJWsap5oRNihHhu6G7JVO/9jIB6UyevL+tXuOqrng8j/cxKTWyWUwvSTriiZz/g==}
    engines: {node: '>=8'}

  strip-ansi@6.0.1:
    resolution: {integrity: sha512-Y38VPSHcqkFrCpFnQ9vuSXmquuv5oXOKpGeT6aGrr3o3Gc9AlVa6JBfUSOCnbxGGZF+/0ooI7KrPuUSztUdU5A==}
    engines: {node: '>=8'}

  supports-color@7.2.0:
    resolution: {integrity: sha512-qpCAvRl9stuOHveKsn7HncJRvv501qIacKzQlO/+Lwxc9+0q2wLyv4Dfvt80/DPn2pqOBsJdDiogXGR9+OvwRw==}
    engines: {node: '>=8'}

  tinybench@6.2.0:
    resolution: {integrity: sha512-78U2TlB2CnVenajOFzf3BKSm0J6oz5L0NV7g32LCPccvYc0lbWvys4d3uUUCS2B1N8PAf2+aekR8i1KbC3HO7Q==}
    engines: {node: '>=20.0.0'}

  tslib@2.8.1:
    resolution: {integrity: sha512-oJFu94HQb+KVduSUQL7wnpmqnfmLsOA/nAh6b6EH0wCEoK0/mPeXU6c3wKDV83MkOuHPRHtSXKKU99IBazS/2w==}

  typescript@5.4.5:
    resolution: {integrity: sha512-vcI4UpRgg81oIRUFwR0WSIHKt11nJ7SAVlYNIu+QpqeyXP+gpQJy/Z4+F0aGxSE4MqwjyXvW/TzgkLAx2AGHwQ==}
    engines: {node: '>=14.17'}
    hasBin: true

  typescript@7.0.2:
    resolution: {integrity: sha512-8FYau96o3NKOhbjKi/qNvG/W5jhzxkbdm5sj9AbZ/5T5sWqn3hJgLfGx27sRKZWTvyzCP8dLRBTf5tBTSRVUNA==}
    engines: {node: '>=16.20.0'}
    hasBin: true

  undici-types@8.3.0:
    resolution: {integrity: sha512-j375ScV60dom+YkPFIfTLcOiPxkN/buHz5GobjLhixFuANaNs3C9l4GmrWqejgXWJ7BbJcFYpTEUkS1Ge8bpZQ==}

  undici-types@8.9.0:
    resolution: {integrity: sha512-KTDyRTYX8sWmKXAikPHHSyc63CRPETMctyjKFupcC6OBLXT3xsN0e9aF7m+mIXutFWpUXuedtowG7iLOzp0kQg==}

  wrap-ansi@7.0.0:
    resolution: {integrity: sha512-YVGIj2kamLSTxw6NsZjoBxfSwsn0ycdesmc4p+Q21c5zPuZ1pl+NfxVdxPtdHvmNVOQ6XSYG4AUtyt/Fi7D16Q==}
    engines: {node: '>=10'}

  y18n@5.0.8:
    resolution: {integrity: sha512-0pfFzegeDWJHJIAmTLRP2DwHjdF5s7jo9tuztdQxAhINCdvS+3nGINqPd00AphqJR/0LhANUS6/+7SCb98YOfA==}
    engines: {node: '>=10'}

  yargs-parser@21.1.1:
    resolution: {integrity: sha512-tVpsJW7DdjecAiFpbIB1e3qxIQsE6NoPc5/eTdrbbIC4h0LVsWhnoa3g+m2HclBIujHzsxZ4VJVA+GUuc2/LBw==}
    engines: {node: '>=12'}

  yargs@17.7.2:
    resolution: {integrity: sha512-7dSzzRQ++CKnNI/krKnYRV7JKKPUXMEh61soaHKg9mrWEhzFWhFnxPxGl+69cD1Ou63C13NUPCnmIcrvqCuM6w==}
    engines: {node: '>=12'}

snapshots:

  '@bufbuild/buf-darwin-arm64@1.73.0':
    optional: true

  '@bufbuild/buf-darwin-x64@1.73.0':
    optional: true

  '@bufbuild/buf-linux-aarch64@1.73.0':
    optional: true

  '@bufbuild/buf-linux-armv7@1.73.0':
    optional: true

  '@bufbuild/buf-linux-x64@1.73.0':
    optional: true

  '@bufbuild/buf-win32-arm64@1.73.0':
    optional: true

  '@bufbuild/buf-win32-x64@1.73.0':
    optional: true

  '@bufbuild/buf@1.73.0':
    optionalDependencies:
      '@bufbuild/buf-darwin-arm64': 1.73.0
      '@bufbuild/buf-darwin-x64': 1.73.0
      '@bufbuild/buf-linux-aarch64': 1.73.0
      '@bufbuild/buf-linux-armv7': 1.73.0
      '@bufbuild/buf-linux-x64': 1.73.0
      '@bufbuild/buf-win32-arm64': 1.73.0
      '@bufbuild/buf-win32-x64': 1.73.0

  '@bufbuild/protobuf@2.15.0': {}

  '@bufbuild/protoc-gen-es@2.15.0(@bufbuild/protobuf@2.15.0)(supports-color@7.2.0)':
    dependencies:
      '@bufbuild/protoplugin': 2.15.0(supports-color@7.2.0)
    optionalDependencies:
      '@bufbuild/protobuf': 2.15.0
    transitivePeerDependencies:
      - supports-color

  '@bufbuild/protoplugin@2.15.0(supports-color@7.2.0)':
    dependencies:
      '@bufbuild/protobuf': 2.15.0
      '@typescript/vfs': 1.6.4(supports-color@7.2.0)(typescript@5.4.5)
      typescript: 5.4.5
    transitivePeerDependencies:
      - supports-color

  '@faker-js/faker@10.6.0': {}

  '@grpc/grpc-js@1.14.5':
    dependencies:
      '@grpc/proto-loader': 0.8.1
      '@js-sdsl/ordered-map': 4.4.2

  '@grpc/proto-loader@0.8.1':
    dependencies:
      lodash.camelcase: 4.3.0
      long: 5.3.2
      protobufjs: 7.6.5
      yargs: 17.7.2

  '@js-sdsl/ordered-map@4.4.2': {}

  '@protobufjs/aspromise@1.1.2': {}

  '@protobufjs/base64@1.1.2': {}

  '@protobufjs/codegen@2.0.5': {}

  '@protobufjs/eventemitter@1.1.1': {}

  '@protobufjs/fetch@1.1.1':
    dependencies:
      '@protobufjs/aspromise': 1.1.2

  '@protobufjs/float@1.0.2': {}

  '@protobufjs/path@1.1.2': {}

  '@protobufjs/pool@1.1.0': {}

  '@protobufjs/utf8@1.1.2': {}

  '@types/node@26.2.0':
    dependencies:
      undici-types: 8.3.0

  '@types/node@26.6.2':
    dependencies:
      undici-types: 8.9.0

  '@typescript/typescript-aix-ppc64@7.0.2':
    optional: true

  '@typescript/typescript-darwin-arm64@7.0.2':
    optional: true

  '@typescript/typescript-darwin-x64@7.0.2':
    optional: true

  '@typescript/typescript-freebsd-arm64@7.0.2':
    optional: true

  '@typescript/typescript-freebsd-x64@7.0.2':
    optional: true

  '@typescript/typescript-linux-arm64@7.0.2':
    optional: true

  '@typescript/typescript-linux-arm@7.0.2':
    optional: true

  '@typescript/typescript-linux-loong64@7.0.2':
    optional: true

  '@typescript/typescript-linux-mips64el@7.0.2':
    optional: true

  '@typescript/typescript-linux-ppc64@7.0.2':
    optional: true

  '@typescript/typescript-linux-riscv64@7.0.2':
    optional: true

  '@typescript/typescript-linux-s390x@7.0.2':
    optional: true

  '@typescript/typescript-linux-x64@7.0.2':
    optional: true

  '@typescript/typescript-netbsd-arm64@7.0.2':
    optional: true

  '@typescript/typescript-netbsd-x64@7.0.2':
    optional: true

  '@typescript/typescript-openbsd-arm64@7.0.2':
    optional: true

  '@typescript/typescript-openbsd-x64@7.0.2':
    optional: true

  '@typescript/typescript-sunos-x64@7.0.2':
    optional: true

  '@typescript/typescript-win32-arm64@7.0.2':
    optional: true

  '@typescript/typescript-win32-x64@7.0.2':
    optional: true

  '@typescript/vfs@1.6.4(supports-color@7.2.0)(typescript@5.4.5)':
    dependencies:
      debug: 4.4.3(supports-color@7.2.0)
      typescript: 5.4.5
    transitivePeerDependencies:
      - supports-color

  ansi-regex@5.0.1: {}

  ansi-styles@4.3.0:
    dependencies:
      color-convert: 2.0.1

  cliui@8.0.1:
    dependencies:
      string-width: 4.2.3
      strip-ansi: 6.0.1
      wrap-ansi: 7.0.0

  color-convert@2.0.1:
    dependencies:
      color-name: 1.1.4

  color-name@1.1.4: {}

  debug@4.4.3(supports-color@7.2.0):
    dependencies:
      ms: 2.1.3
    optionalDependencies:
      supports-color: 7.2.0

  emoji-regex@8.0.0: {}

  escalade@3.2.0: {}

  get-caller-file@2.0.5: {}

  has-flag@4.0.0:
    optional: true

  is-fullwidth-code-point@3.0.0: {}

  lodash.camelcase@4.3.0: {}

  long@5.3.2: {}

  ms@2.1.3: {}

  protobufjs@7.6.5:
    dependencies:
      '@protobufjs/aspromise': 1.1.2
      '@protobufjs/base64': 1.1.2
      '@protobufjs/codegen': 2.0.5
      '@protobufjs/eventemitter': 1.1.1
      '@protobufjs/fetch': 1.1.1
      '@protobufjs/float': 1.0.2
      '@protobufjs/path': 1.1.2
      '@protobufjs/pool': 1.1.0
      '@protobufjs/utf8': 1.1.2
      '@types/node': 26.2.0
      long: 5.3.2

  require-directory@2.1.1: {}

  string-width@4.2.3:
    dependencies:
      emoji-regex: 8.0.0
      is-fullwidth-code-point: 3.0.0
      strip-ansi: 6.0.1

  strip-ansi@6.0.1:
    dependencies:
      ansi-regex: 5.0.1

  supports-color@7.2.0:
    dependencies:
      has-flag: 4.0.0
    optional: true

  tinybench@6.2.0: {}

  tslib@2.8.1: {}

  typescript@5.4.5: {}

  typescript@7.0.2:
    optionalDependencies:
      '@typescript/typescript-aix-ppc64': 7.0.2
      '@typescript/typescript-darwin-arm64': 7.0.2
      '@typescript/typescript-darwin-x64': 7.0.2
      '@typescript/typescript-freebsd-arm64': 7.0.2
      '@typescript/typescript-freebsd-x64': 7.0.2
      '@typescript/typescript-linux-arm': 7.0.2
      '@typescript/typescript-linux-arm64': 7.0.2
      '@typescript/typescript-linux-loong64': 7.0.2
      '@typescript/typescript-linux-mips64el': 7.0.2
      '@typescript/typescript-linux-ppc64': 7.0.2
      '@typescript/typescript-linux-riscv64': 7.0.2
      '@typescript/typescript-linux-s390x': 7.0.2
      '@typescript/typescript-linux-x64': 7.0.2
      '@typescript/typescript-netbsd-arm64': 7.0.2
      '@typescript/typescript-netbsd-x64': 7.0.2
      '@typescript/typescript-openbsd-arm64': 7.0.2
      '@typescript/typescript-openbsd-x64': 7.0.2
      '@typescript/typescript-sunos-x64': 7.0.2
      '@typescript/typescript-win32-arm64': 7.0.2
      '@typescript/typescript-win32-x64': 7.0.2

  undici-types@8.3.0: {}

  undici-types@8.9.0: {}

  wrap-ansi@7.0.0:
    dependencies:
      ansi-styles: 4.3.0
      string-width: 4.2.3
      strip-ansi: 6.0.1

  y18n@5.0.8: {}

  yargs-parser@21.1.1: {}

  yargs@17.7.2:
    dependencies:
      cliui: 8.0.1
      escalade: 3.2.0
      get-caller-file: 2.0.5
      require-directory: 2.1.1
      string-width: 4.2.3
      y18n: 5.0.8
      yargs-parser: 21.1.1
